
Microsoft Visual Studio Solution File, Format Version 12.00
# Visual Studio Version 17
VisualStudioVersion = 17.4.33110.190
MinimumVisualStudioVersion = 10.0.40219.1
Project("{FAE04EC0-301F-11D3-BF4B-00C04F79EFBC}") = "ListaIndirizzi", "ListaIndirizzi\ListaIndirizzi.csproj", "{F8E5A38F-DFB8-4FB3-8C90-F9FC0104223E}"
EndProject
Global
	GlobalSection(SolutionConfigurationPlatforms) = preSolution
		Debug|Any CPU = Debug|Any CPU
		Release|Any CPU = Release|Any CPU
	EndGlobalSection
	GlobalSection(ProjectConfigurationPlatforms) = postSolution
		{F8E5A38F-DFB8-4FB3-8C90-F9FC0104223E}.Debug|Any CPU.ActiveCfg = Debug|Any CPU
		{F8E5A38F-DFB8-4FB3-8C90-F9FC0104223E}.Debug|Any CPU.Build.0 = Debug|Any CPU
		{F8E5A38F-DFB8-4FB3-8C90-F9FC0104223E}.Release|Any CPU.ActiveCfg = Release|Any CPU
		{F8E5A38F-DFB8-4FB3-8C90-F9FC0104223E}.Release|Any CPU.Build.0 = Release|Any CPU
	EndGlobalSection
	GlobalSection(SolutionProperties) = preSolution
		HideSolutionNode = FALSE
	EndGlobalSection
	GlobalSection(ExtensibilityGlobals) = postSolution
		SolutionGuid = {5DAF7573-095F-4E13-B67B-2F7F1D847E17}
	EndGlobalSection
EndGlobal
